
Microsoft Visual Studio Solution File, Format Version 12.00
# Visual Studio Version 16
VisualStudioVersion = 16.0.29123.88
MinimumVisualStudioVersion = 10.0.40219.1
Project("{FAE04EC0-301F-11D3-BF4B-00C04F79EFBC}") = "ContosoUniversity", "ContosoUniversity\ContosoUniversity.csproj", "{89880C79-3631-45E8-A63C-B48987EFF53A}"
EndProject
Global
	GlobalSection(SolutionConfigurationPlatforms) = preSolution
		Debug|Any CPU = Debug|Any CPU
		Release|Any CPU = Release|Any CPU
	EndGlobalSection
	GlobalSection(ProjectConfigurationPlatforms) = postSolution
		{89880C79-3631-45E8-A63C-B48987EFF53A}.Debug|Any CPU.ActiveCfg = Debug|Any CPU
		{89880C79-3631-45E8-A63C-B48987EFF53A}.Debug|Any CPU.Build.0 = Debug|Any CPU
		{89880C79-3631-45E8-A63C-B48987EFF53A}.Release|Any CPU.ActiveCfg = Release|Any CPU
		{89880C79-3631-45E8-A63C-B48987EFF53A}.Release|Any CPU.Build.0 = Release|Any CPU
	EndGlobalSection
	GlobalSection(SolutionProperties) = preSolution
		HideSolutionNode = FALSE
	EndGlobalSection
	GlobalSection(ExtensibilityGlobals) = postSolution
		SolutionGuid = {337784A4-8309-44D1-BC0F-570F94B087FA}
	EndGlobalSection
EndGlobal
